
Microsoft Visual Studio Solution File, Format Version 12.00
# Visual Studio Version 16
VisualStudioVersion = 16.0.30114.105
MinimumVisualStudioVersion = 10.0.40219.1
Project("{2150E333-8FDC-42A3-9474-1A3956D46DE8}") = "src", "src", "{C43EA973-E2F2-4FDC-A0EC-69E342278CDD}"
EndProject
Project("{FAE04EC0-301F-11D3-BF4B-00C04F79EFBC}") = "CeTestApp.Domain", "Base\CeTestApp.Domain\CeTestApp.Domain.csproj", "{7CCDEDB2-70C0-4394-A4BC-F1105B414858}"
EndProject
Project("{FAE04EC0-301F-11D3-BF4B-00C04F79EFBC}") = "CeTestApp.Application", "Base\CeTestApp.Application\CeTestApp.Application.csproj", "{A9D5AA5A-6CA6-4CCC-B401-1B0B3CFFCBC5}"
EndProject
Project("{FAE04EC0-301F-11D3-BF4B-00C04F79EFBC}") = "CeTestApp.Infrastructure", "Base\CeTestApp.Infrastructure\CeTestApp.Infrastructure.csproj", "{D07FECAE-1596-49E2-8433-BED1501B5273}"
EndProject
Project("{2150E333-8FDC-42A3-9474-1A3956D46DE8}") = "Base", "Base", "{4F46CC89-8CDF-422E-8657-A2E09827962F}"
EndProject
Project("{2150E333-8FDC-42A3-9474-1A3956D46DE8}") = "Tests", "Tests", "{48267F91-295F-4AC3-8C8B-5F1C5393B7D1}"
EndProject
Project("{2150E333-8FDC-42A3-9474-1A3956D46DE8}") = "EntryPoints", "EntryPoints", "{9FD663A1-0DCB-4469-96B5-B628A44F5B14}"
EndProject
Project("{FAE04EC0-301F-11D3-BF4B-00C04F79EFBC}") = "CeTestApp.Console", "EntryPoints\CeTestApp.Console\CeTestApp.Console.csproj", "{E8EE1974-F5B3-4CC0-8A59-66C7359A342D}"
EndProject
Project("{FAE04EC0-301F-11D3-BF4B-00C04F79EFBC}") = "CeTestApp.Web", "EntryPoints\CeTestApp.Web\CeTestApp.Web.csproj", "{8336EBEB-D052-4FEC-834E-32B0B8BDC5DE}"
EndProject
Project("{FAE04EC0-301F-11D3-BF4B-00C04F79EFBC}") = "CeTestApp.Infrastructure.UnitTests", "Tests\CeTestApp.Infrastructure.UnitTests\CeTestApp.Infrastructure.UnitTests.csproj", "{CFF35A48-0DBC-403B-9FA6-7C8E2F7D6B94}"
EndProject
Project("{2150E333-8FDC-42A3-9474-1A3956D46DE8}") = "Debug", "Debug", "{44893112-08B4-4E08-AF76-F5373E06502D}"
EndProject
Project("{FAE04EC0-301F-11D3-BF4B-00C04F79EFBC}") = "CeTestApp.Debug", "CeTestApp.Debug\CeTestApp.Debug.csproj", "{F0F81F7C-E106-413E-9437-3CDFF78AE5EF}"
EndProject
Project("{2150E333-8FDC-42A3-9474-1A3956D46DE8}") = "Clients", "Clients", "{3D5892C1-743F-451D-BB9C-8E624C7169DE}"
EndProject
Project("{FAE04EC0-301F-11D3-BF4B-00C04F79EFBC}") = "CeTestApp.MerchantClient", "CeTestApp.MerchantClient\CeTestApp.MerchantClient.csproj", "{49118805-CC2E-42DE-A358-03626A00389C}"
EndProject
Project("{FAE04EC0-301F-11D3-BF4B-00C04F79EFBC}") = "CeTestApp.RestClient", "CeTestApp.RestClient\CeTestApp.RestClient.csproj", "{E5B2FA15-53B9-4A30-B0FA-7DDA54827AB3}"
EndProject
Global
	GlobalSection(SolutionConfigurationPlatforms) = preSolution
		Debug|Any CPU = Debug|Any CPU
		Release|Any CPU = Release|Any CPU
	EndGlobalSection
	GlobalSection(SolutionProperties) = preSolution
		HideSolutionNode = FALSE
	EndGlobalSection
	GlobalSection(NestedProjects) = preSolution
		{4F46CC89-8CDF-422E-8657-A2E09827962F} = {C43EA973-E2F2-4FDC-A0EC-69E342278CDD}
		{A9D5AA5A-6CA6-4CCC-B401-1B0B3CFFCBC5} = {4F46CC89-8CDF-422E-8657-A2E09827962F}
		{7CCDEDB2-70C0-4394-A4BC-F1105B414858} = {4F46CC89-8CDF-422E-8657-A2E09827962F}
		{D07FECAE-1596-49E2-8433-BED1501B5273} = {4F46CC89-8CDF-422E-8657-A2E09827962F}
		{48267F91-295F-4AC3-8C8B-5F1C5393B7D1} = {C43EA973-E2F2-4FDC-A0EC-69E342278CDD}
		{9FD663A1-0DCB-4469-96B5-B628A44F5B14} = {C43EA973-E2F2-4FDC-A0EC-69E342278CDD}
		{E8EE1974-F5B3-4CC0-8A59-66C7359A342D} = {9FD663A1-0DCB-4469-96B5-B628A44F5B14}
		{8336EBEB-D052-4FEC-834E-32B0B8BDC5DE} = {9FD663A1-0DCB-4469-96B5-B628A44F5B14}
		{CFF35A48-0DBC-403B-9FA6-7C8E2F7D6B94} = {48267F91-295F-4AC3-8C8B-5F1C5393B7D1}
		{44893112-08B4-4E08-AF76-F5373E06502D} = {C43EA973-E2F2-4FDC-A0EC-69E342278CDD}
		{F0F81F7C-E106-413E-9437-3CDFF78AE5EF} = {44893112-08B4-4E08-AF76-F5373E06502D}
		{3D5892C1-743F-451D-BB9C-8E624C7169DE} = {C43EA973-E2F2-4FDC-A0EC-69E342278CDD}
		{49118805-CC2E-42DE-A358-03626A00389C} = {3D5892C1-743F-451D-BB9C-8E624C7169DE}
		{E5B2FA15-53B9-4A30-B0FA-7DDA54827AB3} = {3D5892C1-743F-451D-BB9C-8E624C7169DE}
	EndGlobalSection
	GlobalSection(ProjectConfigurationPlatforms) = postSolution
		{7CCDEDB2-70C0-4394-A4BC-F1105B414858}.Debug|Any CPU.ActiveCfg = Debug|Any CPU
		{7CCDEDB2-70C0-4394-A4BC-F1105B414858}.Debug|Any CPU.Build.0 = Debug|Any CPU
		{7CCDEDB2-70C0-4394-A4BC-F1105B414858}.Release|Any CPU.ActiveCfg = Release|Any CPU
		{7CCDEDB2-70C0-4394-A4BC-F1105B414858}.Release|Any CPU.Build.0 = Release|Any CPU
		{A9D5AA5A-6CA6-4CCC-B401-1B0B3CFFCBC5}.Debug|Any CPU.ActiveCfg = Debug|Any CPU
		{A9D5AA5A-6CA6-4CCC-B401-1B0B3CFFCBC5}.Debug|Any CPU.Build.0 = Debug|Any CPU
		{A9D5AA5A-6CA6-4CCC-B401-1B0B3CFFCBC5}.Release|Any CPU.ActiveCfg = Release|Any CPU
		{A9D5AA5A-6CA6-4CCC-B401-1B0B3CFFCBC5}.Release|Any CPU.Build.0 = Release|Any CPU
		{D07FECAE-1596-49E2-8433-BED1501B5273}.Debug|Any CPU.ActiveCfg = Debug|Any CPU
		{D07FECAE-1596-49E2-8433-BED1501B5273}.Debug|Any CPU.Build.0 = Debug|Any CPU
		{D07FECAE-1596-49E2-8433-BED1501B5273}.Release|Any CPU.ActiveCfg = Release|Any CPU
		{D07FECAE-1596-49E2-8433-BED1501B5273}.Release|Any CPU.Build.0 = Release|Any CPU
		{E8EE1974-F5B3-4CC0-8A59-66C7359A342D}.Debug|Any CPU.ActiveCfg = Debug|Any CPU
		{E8EE1974-F5B3-4CC0-8A59-66C7359A342D}.Debug|Any CPU.Build.0 = Debug|Any CPU
		{E8EE1974-F5B3-4CC0-8A59-66C7359A342D}.Release|Any CPU.ActiveCfg = Release|Any CPU
		{E8EE1974-F5B3-4CC0-8A59-66C7359A342D}.Release|Any CPU.Build.0 = Release|Any CPU
		{8336EBEB-D052-4FEC-834E-32B0B8BDC5DE}.Debug|Any CPU.ActiveCfg = Debug|Any CPU
		{8336EBEB-D052-4FEC-834E-32B0B8BDC5DE}.Debug|Any CPU.Build.0 = Debug|Any CPU
		{8336EBEB-D052-4FEC-834E-32B0B8BDC5DE}.Release|Any CPU.ActiveCfg = Release|Any CPU
		{8336EBEB-D052-4FEC-834E-32B0B8BDC5DE}.Release|Any CPU.Build.0 = Release|Any CPU
		{CFF35A48-0DBC-403B-9FA6-7C8E2F7D6B94}.Debug|Any CPU.ActiveCfg = Debug|Any CPU
		{CFF35A48-0DBC-403B-9FA6-7C8E2F7D6B94}.Debug|Any CPU.Build.0 = Debug|Any CPU
		{CFF35A48-0DBC-403B-9FA6-7C8E2F7D6B94}.Release|Any CPU.ActiveCfg = Release|Any CPU
		{CFF35A48-0DBC-403B-9FA6-7C8E2F7D6B94}.Release|Any CPU.Build.0 = Release|Any CPU
		{F0F81F7C-E106-413E-9437-3CDFF78AE5EF}.Debug|Any CPU.ActiveCfg = Debug|Any CPU
		{F0F81F7C-E106-413E-9437-3CDFF78AE5EF}.Debug|Any CPU.Build.0 = Debug|Any CPU
		{F0F81F7C-E106-413E-9437-3CDFF78AE5EF}.Release|Any CPU.ActiveCfg = Release|Any CPU
		{F0F81F7C-E106-413E-9437-3CDFF78AE5EF}.Release|Any CPU.Build.0 = Release|Any CPU
		{49118805-CC2E-42DE-A358-03626A00389C}.Debug|Any CPU.ActiveCfg = Debug|Any CPU
		{49118805-CC2E-42DE-A358-03626A00389C}.Debug|Any CPU.Build.0 = Debug|Any CPU
		{49118805-CC2E-42DE-A358-03626A00389C}.Release|Any CPU.ActiveCfg = Release|Any CPU
		{49118805-CC2E-42DE-A358-03626A00389C}.Release|Any CPU.Build.0 = Release|Any CPU
		{E5B2FA15-53B9-4A30-B0FA-7DDA54827AB3}.Debug|Any CPU.ActiveCfg = Debug|Any CPU
		{E5B2FA15-53B9-4A30-B0FA-7DDA54827AB3}.Debug|Any CPU.Build.0 = Debug|Any CPU
		{E5B2FA15-53B9-4A30-B0FA-7DDA54827AB3}.Release|Any CPU.ActiveCfg = Release|Any CPU
		{E5B2FA15-53B9-4A30-B0FA-7DDA54827AB3}.Release|Any CPU.Build.0 = Release|Any CPU
	EndGlobalSection
EndGlobal
